
Microsoft Visual Studio Solution File, Format Version 12.00
# Visual Studio Version 17
VisualStudioVersion = 17.9.34622.214
MinimumVisualStudioVersion = 10.0.40219.1
Project("{FAE04EC0-301F-11D3-BF4B-00C04F79EFBC}") = "HospitalScheduling", "HospitalScheduling\HospitalScheduling.csproj", "{B885D6CE-7F4A-4209-874A-8203329A6957}"
EndProject
Global
	GlobalSection(SolutionConfigurationPlatforms) = preSolution
		Debug|Any CPU = Debug|Any CPU
		Release|Any CPU = Release|Any CPU
	EndGlobalSection
	GlobalSection(ProjectConfigurationPlatforms) = postSolution
		{B885D6CE-7F4A-4209-874A-8203329A6957}.Debug|Any CPU.ActiveCfg = Debug|Any CPU
		{B885D6CE-7F4A-4209-874A-8203329A6957}.Debug|Any CPU.Build.0 = Debug|Any CPU
		{B885D6CE-7F4A-4209-874A-8203329A6957}.Release|Any CPU.ActiveCfg = Release|Any CPU
		{B885D6CE-7F4A-4209-874A-8203329A6957}.Release|Any CPU.Build.0 = Release|Any CPU
	EndGlobalSection
	GlobalSection(SolutionProperties) = preSolution
		HideSolutionNode = FALSE
	EndGlobalSection
	GlobalSection(ExtensibilityGlobals) = postSolution
		SolutionGuid = {E26DDBB0-C29E-4557-B96F-52397B20F037}
	EndGlobalSection
EndGlobal
